
Microsoft Visual Studio Solution File, Format Version 12.00
# Visual Studio Version 17
VisualStudioVersion = 17.5.002.0
MinimumVisualStudioVersion = 10.0.40219.1
Project("{9A19103F-16F7-4668-BE54-9A1E7A4F7556}") = "Atividade_de_Nivelamento", "Atividade_de_Nivelamento.csproj", "{C1254334-4F19-40BB-B674-985D93FAB7E5}"
EndProject
Global
	GlobalSection(SolutionConfigurationPlatforms) = preSolution
		Debug|Any CPU = Debug|Any CPU
		Release|Any CPU = Release|Any CPU
	EndGlobalSection
	GlobalSection(ProjectConfigurationPlatforms) = postSolution
		{C1254334-4F19-40BB-B674-985D93FAB7E5}.Debug|Any CPU.ActiveCfg = Debug|Any CPU
		{C1254334-4F19-40BB-B674-985D93FAB7E5}.Debug|Any CPU.Build.0 = Debug|Any CPU
		{C1254334-4F19-40BB-B674-985D93FAB7E5}.Release|Any CPU.ActiveCfg = Release|Any CPU
		{C1254334-4F19-40BB-B674-985D93FAB7E5}.Release|Any CPU.Build.0 = Release|Any CPU
	EndGlobalSection
	GlobalSection(SolutionProperties) = preSolution
		HideSolutionNode = FALSE
	EndGlobalSection
	GlobalSection(ExtensibilityGlobals) = postSolution
		SolutionGuid = {BCFF4A37-0310-4A94-8CDE-7704034E0E02}
	EndGlobalSection
EndGlobal
